<?xml version="1.0" encoding="utf-8"?>
<Project ToolsVersion="4.0" xmlns="http://schemas.microsoft.com/developer/msbuild/2003">
  <ItemGroup>
    <Filter Include="Source Files">
      <UniqueIdentifier>{4FC737F1-C7A5-4376-A066-2A32D752A2FF}</UniqueIdentifier>
      <Extensions>cpp;c;cc;cxx;def;odl;idl;hpj;bat;asm;asmx</Extensions>
    </Filter>
    <Filter Include="Resource Files">
      <UniqueIdentifier>{67DA6AB6-F800-4c08-8B7A-83BB121AAD01}</UniqueIdentifier>
      <Extensions>rc;ico;cur;bmp;dlg;rc2;rct;bin;rgs;gif;jpg;jpeg;jpe;resx;tiff;tif;png;wav;mfcribbon-ms</Extensions>
    </Filter>
    <Filter Include="Source Files\imageReconstruction">
      <UniqueIdentifier>{f78a4a64-05e0-40f1-8287-e5f0a087c516}</UniqueIdentifier>
    </Filter>
    <Filter Include="Source Files\imageReconstruction\arrangingPieces">
      <UniqueIdentifier>{ba8f25fe-55ae-4ee7-9337-38dbe4257190}</UniqueIdentifier>
    </Filter>
    <Filter Include="Source Files\imageReconstruction\findingPieces">
      <UniqueIdentifier>{055ddc19-6d42-475f-8421-40183a1c771d}</UniqueIdentifier>
    </Filter>
    <Filter Include="Source Files\imageReconstruction\mergingPieces">
      <UniqueIdentifier>{5e6d3a93-eb95-4ba8-ac3f-e47a7c8b994b}</UniqueIdentifier>
    </Filter>
    <Filter Include="Source Files\imageReconstruction\arrangingPieces\evolution">
      <UniqueIdentifier>{cb445e79-6605-4123-94a0-f75083765e13}</UniqueIdentifier>
    </Filter>
  </ItemGroup>
  <ItemGroup>
    <ClCompile Include="main.cpp">
      <Filter>Source Files</Filter>
    </ClCompile>
    <ClCompile Include="imageReconstruction.cpp">
      <Filter>Source Files\imageReconstruction</Filter>
    </ClCompile>
    <ClCompile Include="arrangingPieces.cpp">
      <Filter>Source Files\imageReconstruction\arrangingPieces</Filter>
    </ClCompile>
    <ClCompile Include="findingPieces.cpp">
      <Filter>Source Files\imageReconstruction\findingPieces</Filter>
    </ClCompile>
    <ClCompile Include="filteringOutOverlappingRectangles.cpp">
      <Filter>Source Files\imageReconstruction\findingPieces</Filter>
    </ClCompile>
    <ClCompile Include="mergingPieces.cpp">
      <Filter>Source Files\imageReconstruction\mergingPieces</Filter>
    </ClCompile>
    <ClCompile Include="Sampler.cpp">
      <Filter>Source Files\imageReconstruction\arrangingPieces\evolution</Filter>
    </ClCompile>
    <ClCompile Include="rating.cpp">
      <Filter>Source Files\imageReconstruction\arrangingPieces\evolution</Filter>
    </ClCompile>
    <ClCompile Include="Indyvidual.cpp">
      <Filter>Source Files\imageReconstruction\arrangingPieces\evolution</Filter>
    </ClCompile>
  </ItemGroup>
  <ItemGroup>
    <ClInclude Include="imageReconstruction.hpp">
      <Filter>Source Files\imageReconstruction</Filter>
    </ClInclude>
    <ClInclude Include="arrangingPieces.hpp">
      <Filter>Source Files\imageReconstruction\arrangingPieces</Filter>
    </ClInclude>
    <ClInclude Include="findingPieces.hpp">
      <Filter>Source Files\imageReconstruction\findingPieces</Filter>
    </ClInclude>
    <ClInclude Include="filteringOutOverlappingRectangles.hpp">
      <Filter>Source Files\imageReconstruction\findingPieces</Filter>
    </ClInclude>
    <ClInclude Include="mergingPieces.hpp">
      <Filter>Source Files\imageReconstruction\mergingPieces</Filter>
    </ClInclude>
    <ClInclude Include="Sampler.hpp">
      <Filter>Source Files\imageReconstruction\arrangingPieces\evolution</Filter>
    </ClInclude>
    <ClInclude Include="Indyvidual.hpp">
      <Filter>Source Files\imageReconstruction\arrangingPieces\evolution</Filter>
    </ClInclude>
    <ClInclude Include="rating.hpp">
      <Filter>Source Files\imageReconstruction\arrangingPieces\evolution</Filter>
    </ClInclude>
  </ItemGroup>
</Project>